
Microsoft Visual Studio Solution File, Format Version 12.00
# Visual Studio Version 17
VisualStudioVersion = 17.0.31903.59
MinimumVisualStudioVersion = 10.0.40219.1
Project("{2150E333-8FDC-42A3-9474-1A3956D46DE8}") = "src", "src", "{827E0CD3-B72D-47B6-A68D-7590B98EB39B}"
EndProject
Project("{FAE04EC0-301F-11D3-BF4B-00C04F79EFBC}") = "Atendimentos.Api", "src\Atendimentos.Api\Atendimentos.Api.csproj", "{99E62FC7-1B55-4812-9255-A4F9D80187A5}"
EndProject
Project("{FAE04EC0-301F-11D3-BF4B-00C04F79EFBC}") = "Atendimentos.Application", "src\Atendimentos.Application\Atendimentos.Application.csproj", "{548FA0E5-B6A5-4EA3-B6BC-E372EF038FE7}"
EndProject
Project("{FAE04EC0-301F-11D3-BF4B-00C04F79EFBC}") = "Atendimentos.Domain", "src\Atendimentos.Domain\Atendimentos.Domain.csproj", "{2120436A-38B8-4490-A37B-D25C0E7ABF7B}"
EndProject
Project("{FAE04EC0-301F-11D3-BF4B-00C04F79EFBC}") = "Atendimentos.Infrastructure", "src\Atendimentos.Infrastructure\Atendimentos.Infrastructure.csproj", "{6C83797B-6687-4DFD-9229-FBC96B45F458}"
EndProject
Project("{2150E333-8FDC-42A3-9474-1A3956D46DE8}") = "tests", "tests", "{0AB3BF05-4346-4AA6-1389-037BE0695223}"
EndProject
Project("{FAE04EC0-301F-11D3-BF4B-00C04F79EFBC}") = "Atendimentos.UnitTests", "tests\Atendimentos.UnitTests\Atendimentos.UnitTests.csproj", "{D2A0006D-A24F-4E8C-AB30-ECE5A2671D53}"
EndProject
Project("{FAE04EC0-301F-11D3-BF4B-00C04F79EFBC}") = "Atendimentos.IntegrationTests", "tests\Atendimentos.IntegrationTests\Atendimentos.IntegrationTests.csproj", "{ECCBC879-5FAE-44B7-87D8-A1261DF1B479}"
EndProject
Global
	GlobalSection(SolutionConfigurationPlatforms) = preSolution
		Debug|Any CPU = Debug|Any CPU
		Debug|x64 = Debug|x64
		Debug|x86 = Debug|x86
		Release|Any CPU = Release|Any CPU
		Release|x64 = Release|x64
		Release|x86 = Release|x86
	EndGlobalSection
	GlobalSection(ProjectConfigurationPlatforms) = postSolution
		{99E62FC7-1B55-4812-9255-A4F9D80187A5}.Debug|Any CPU.ActiveCfg = Debug|Any CPU
		{99E62FC7-1B55-4812-9255-A4F9D80187A5}.Debug|Any CPU.Build.0 = Debug|Any CPU
		{99E62FC7-1B55-4812-9255-A4F9D80187A5}.Debug|x64.ActiveCfg = Debug|Any CPU
		{99E62FC7-1B55-4812-9255-A4F9D80187A5}.Debug|x64.Build.0 = Debug|Any CPU
		{99E62FC7-1B55-4812-9255-A4F9D80187A5}.Debug|x86.ActiveCfg = Debug|Any CPU
		{99E62FC7-1B55-4812-9255-A4F9D80187A5}.Debug|x86.Build.0 = Debug|Any CPU
		{99E62FC7-1B55-4812-9255-A4F9D80187A5}.Release|Any CPU.ActiveCfg = Release|Any CPU
		{99E62FC7-1B55-4812-9255-A4F9D80187A5}.Release|Any CPU.Build.0 = Release|Any CPU
		{99E62FC7-1B55-4812-9255-A4F9D80187A5}.Release|x64.ActiveCfg = Release|Any CPU
		{99E62FC7-1B55-4812-9255-A4F9D80187A5}.Release|x64.Build.0 = Release|Any CPU
		{99E62FC7-1B55-4812-9255-A4F9D80187A5}.Release|x86.ActiveCfg = Release|Any CPU
		{99E62FC7-1B55-4812-9255-A4F9D80187A5}.Release|x86.Build.0 = Release|Any CPU
		{548FA0E5-B6A5-4EA3-B6BC-E372EF038FE7}.Debug|Any CPU.ActiveCfg = Debug|Any CPU
		{548FA0E5-B6A5-4EA3-B6BC-E372EF038FE7}.Debug|Any CPU.Build.0 = Debug|Any CPU
		{548FA0E5-B6A5-4EA3-B6BC-E372EF038FE7}.Debug|x64.ActiveCfg = Debug|Any CPU
		{548FA0E5-B6A5-4EA3-B6BC-E372EF038FE7}.Debug|x64.Build.0 = Debug|Any CPU
		{548FA0E5-B6A5-4EA3-B6BC-E372EF038FE7}.Debug|x86.ActiveCfg = Debug|Any CPU
		{548FA0E5-B6A5-4EA3-B6BC-E372EF038FE7}.Debug|x86.Build.0 = Debug|Any CPU
		{548FA0E5-B6A5-4EA3-B6BC-E372EF038FE7}.Release|Any CPU.ActiveCfg = Release|Any CPU
		{548FA0E5-B6A5-4EA3-B6BC-E372EF038FE7}.Release|Any CPU.Build.0 = Release|Any CPU
		{548FA0E5-B6A5-4EA3-B6BC-E372EF038FE7}.Release|x64.ActiveCfg = Release|Any CPU
		{548FA0E5-B6A5-4EA3-B6BC-E372EF038FE7}.Release|x64.Build.0 = Release|Any CPU
		{548FA0E5-B6A5-4EA3-B6BC-E372EF038FE7}.Release|x86.ActiveCfg = Release|Any CPU
		{548FA0E5-B6A5-4EA3-B6BC-E372EF038FE7}.Release|x86.Build.0 = Release|Any CPU
		{2120436A-38B8-4490-A37B-D25C0E7ABF7B}.Debug|Any CPU.ActiveCfg = Debug|Any CPU
		{2120436A-38B8-4490-A37B-D25C0E7ABF7B}.Debug|Any CPU.Build.0 = Debug|Any CPU
		{2120436A-38B8-4490-A37B-D25C0E7ABF7B}.Debug|x64.ActiveCfg = Debug|Any CPU
		{2120436A-38B8-4490-A37B-D25C0E7ABF7B}.Debug|x64.Build.0 = Debug|Any CPU
		{2120436A-38B8-4490-A37B-D25C0E7ABF7B}.Debug|x86.ActiveCfg = Debug|Any CPU
		{2120436A-38B8-4490-A37B-D25C0E7ABF7B}.Debug|x86.Build.0 = Debug|Any CPU
		{2120436A-38B8-4490-A37B-D25C0E7ABF7B}.Release|Any CPU.ActiveCfg = Release|Any CPU
		{2120436A-38B8-4490-A37B-D25C0E7ABF7B}.Release|Any CPU.Build.0 = Release|Any CPU
		{2120436A-38B8-4490-A37B-D25C0E7ABF7B}.Release|x64.ActiveCfg = Release|Any CPU
		{2120436A-38B8-4490-A37B-D25C0E7ABF7B}.Release|x64.Build.0 = Release|Any CPU
		{2120436A-38B8-4490-A37B-D25C0E7ABF7B}.Release|x86.ActiveCfg = Release|Any CPU
		{2120436A-38B8-4490-A37B-D25C0E7ABF7B}.Release|x86.Build.0 = Release|Any CPU
		{6C83797B-6687-4DFD-9229-FBC96B45F458}.Debug|Any CPU.ActiveCfg = Debug|Any CPU
		{6C83797B-6687-4DFD-9229-FBC96B45F458}.Debug|Any CPU.Build.0 = Debug|Any CPU
		{6C83797B-6687-4DFD-9229-FBC96B45F458}.Debug|x64.ActiveCfg = Debug|Any CPU
		{6C83797B-6687-4DFD-9229-FBC96B45F458}.Debug|x64.Build.0 = Debug|Any CPU
		{6C83797B-6687-4DFD-9229-FBC96B45F458}.Debug|x86.ActiveCfg = Debug|Any CPU
		{6C83797B-6687-4DFD-9229-FBC96B45F458}.Debug|x86.Build.0 = Debug|Any CPU
		{6C83797B-6687-4DFD-9229-FBC96B45F458}.Release|Any CPU.ActiveCfg = Release|Any CPU
		{6C83797B-6687-4DFD-9229-FBC96B45F458}.Release|Any CPU.Build.0 = Release|Any CPU
		{6C83797B-6687-4DFD-9229-FBC96B45F458}.Release|x64.ActiveCfg = Release|Any CPU
		{6C83797B-6687-4DFD-9229-FBC96B45F458}.Release|x64.Build.0 = Release|Any CPU
		{6C83797B-6687-4DFD-9229-FBC96B45F458}.Release|x86.ActiveCfg = Release|Any CPU
		{6C83797B-6687-4DFD-9229-FBC96B45F458}.Release|x86.Build.0 = Release|Any CPU
		{D2A0006D-A24F-4E8C-AB30-ECE5A2671D53}.Debug|Any CPU.ActiveCfg = Debug|Any CPU
		{D2A0006D-A24F-4E8C-AB30-ECE5A2671D53}.Debug|Any CPU.Build.0 = Debug|Any CPU
		{D2A0006D-A24F-4E8C-AB30-ECE5A2671D53}.Debug|x64.ActiveCfg = Debug|Any CPU
		{D2A0006D-A24F-4E8C-AB30-ECE5A2671D53}.Debug|x64.Build.0 = Debug|Any CPU
		{D2A0006D-A24F-4E8C-AB30-ECE5A2671D53}.Debug|x86.ActiveCfg = Debug|Any CPU
		{D2A0006D-A24F-4E8C-AB30-ECE5A2671D53}.Debug|x86.Build.0 = Debug|Any CPU
		{D2A0006D-A24F-4E8C-AB30-ECE5A2671D53}.Release|Any CPU.ActiveCfg = Release|Any CPU
		{D2A0006D-A24F-4E8C-AB30-ECE5A2671D53}.Release|Any CPU.Build.0 = Release|Any CPU
		{D2A0006D-A24F-4E8C-AB30-ECE5A2671D53}.Release|x64.ActiveCfg = Release|Any CPU
		{D2A0006D-A24F-4E8C-AB30-ECE5A2671D53}.Release|x64.Build.0 = Release|Any CPU
		{D2A0006D-A24F-4E8C-AB30-ECE5A2671D53}.Release|x86.ActiveCfg = Release|Any CPU
		{D2A0006D-A24F-4E8C-AB30-ECE5A2671D53}.Release|x86.Build.0 = Release|Any CPU
		{ECCBC879-5FAE-44B7-87D8-A1261DF1B479}.Debug|Any CPU.ActiveCfg = Debug|Any CPU
		{ECCBC879-5FAE-44B7-87D8-A1261DF1B479}.Debug|Any CPU.Build.0 = Debug|Any CPU
		{ECCBC879-5FAE-44B7-87D8-A1261DF1B479}.Debug|x64.ActiveCfg = Debug|Any CPU
		{ECCBC879-5FAE-44B7-87D8-A1261DF1B479}.Debug|x64.Build.0 = Debug|Any CPU
		{ECCBC879-5FAE-44B7-87D8-A1261DF1B479}.Debug|x86.ActiveCfg = Debug|Any CPU
		{ECCBC879-5FAE-44B7-87D8-A1261DF1B479}.Debug|x86.Build.0 = Debug|Any CPU
		{ECCBC879-5FAE-44B7-87D8-A1261DF1B479}.Release|Any CPU.ActiveCfg = Release|Any CPU
		{ECCBC879-5FAE-44B7-87D8-A1261DF1B479}.Release|Any CPU.Build.0 = Release|Any CPU
		{ECCBC879-5FAE-44B7-87D8-A1261DF1B479}.Release|x64.ActiveCfg = Release|Any CPU
		{ECCBC879-5FAE-44B7-87D8-A1261DF1B479}.Release|x64.Build.0 = Release|Any CPU
		{ECCBC879-5FAE-44B7-87D8-A1261DF1B479}.Release|x86.ActiveCfg = Release|Any CPU
		{ECCBC879-5FAE-44B7-87D8-A1261DF1B479}.Release|x86.Build.0 = Release|Any CPU
	EndGlobalSection
	GlobalSection(SolutionProperties) = preSolution
		HideSolutionNode = FALSE
	EndGlobalSection
	GlobalSection(NestedProjects) = preSolution
		{99E62FC7-1B55-4812-9255-A4F9D80187A5} = {827E0CD3-B72D-47B6-A68D-7590B98EB39B}
		{548FA0E5-B6A5-4EA3-B6BC-E372EF038FE7} = {827E0CD3-B72D-47B6-A68D-7590B98EB39B}
		{2120436A-38B8-4490-A37B-D25C0E7ABF7B} = {827E0CD3-B72D-47B6-A68D-7590B98EB39B}
		{6C83797B-6687-4DFD-9229-FBC96B45F458} = {827E0CD3-B72D-47B6-A68D-7590B98EB39B}
		{D2A0006D-A24F-4E8C-AB30-ECE5A2671D53} = {0AB3BF05-4346-4AA6-1389-037BE0695223}
		{ECCBC879-5FAE-44B7-87D8-A1261DF1B479} = {0AB3BF05-4346-4AA6-1389-037BE0695223}
	EndGlobalSection
EndGlobal
